
Microsoft Visual Studio Solution File, Format Version 12.00
# Visual Studio Version 17
VisualStudioVersion = 17.4.33122.133
MinimumVisualStudioVersion = 10.0.40219.1
Project("{FAE04EC0-301F-11D3-BF4B-00C04F79EFBC}") = "WebApplication1", "WebApplication1\WebApplication1.csproj", "{026B5DD8-0969-443E-8F20-7D1BB2D71767}"
EndProject
Global
	GlobalSection(SolutionConfigurationPlatforms) = preSolution
		Debug|Any CPU = Debug|Any CPU
		Release|Any CPU = Release|Any CPU
	EndGlobalSection
	GlobalSection(ProjectConfigurationPlatforms) = postSolution
		{026B5DD8-0969-443E-8F20-7D1BB2D71767}.Debug|Any CPU.ActiveCfg = Debug|Any CPU
		{026B5DD8-0969-443E-8F20-7D1BB2D71767}.Debug|Any CPU.Build.0 = Debug|Any CPU
		{026B5DD8-0969-443E-8F20-7D1BB2D71767}.Release|Any CPU.ActiveCfg = Release|Any CPU
		{026B5DD8-0969-443E-8F20-7D1BB2D71767}.Release|Any CPU.Build.0 = Release|Any CPU
	EndGlobalSection
	GlobalSection(SolutionProperties) = preSolution
		HideSolutionNode = FALSE
	EndGlobalSection
	GlobalSection(ExtensibilityGlobals) = postSolution
		SolutionGuid = {AFD65431-9FD7-43D7-8D8D-84003F17F066}
	EndGlobalSection
EndGlobal
